
Microsoft Visual Studio Solution File, Format Version 12.00
# Visual Studio 15
VisualStudioVersion = 15.0.27428.2015
MinimumVisualStudioVersion = 10.0.40219.1
Project("{FAE04EC0-301F-11D3-BF4B-00C04F79EFBC}") = "AccentureDemo2", "AccentureDemo2\AccentureDemo2.csproj", "{756ED016-1DC0-4B55-AA20-932A30BC7609}"
EndProject
Global
	GlobalSection(SolutionConfigurationPlatforms) = preSolution
		Debug|Any CPU = Debug|Any CPU
		Release|Any CPU = Release|Any CPU
	EndGlobalSection
	GlobalSection(ProjectConfigurationPlatforms) = postSolution
		{756ED016-1DC0-4B55-AA20-932A30BC7609}.Debug|Any CPU.ActiveCfg = Debug|Any CPU
		{756ED016-1DC0-4B55-AA20-932A30BC7609}.Debug|Any CPU.Build.0 = Debug|Any CPU
		{756ED016-1DC0-4B55-AA20-932A30BC7609}.Release|Any CPU.ActiveCfg = Release|Any CPU
		{756ED016-1DC0-4B55-AA20-932A30BC7609}.Release|Any CPU.Build.0 = Release|Any CPU
	EndGlobalSection
	GlobalSection(SolutionProperties) = preSolution
		HideSolutionNode = FALSE
	EndGlobalSection
	GlobalSection(ExtensibilityGlobals) = postSolution
		SolutionGuid = {62D9DF4F-9CF4-4C12-81DD-CD7E1E6F8D7B}
	EndGlobalSection
EndGlobal
